
Microsoft Visual Studio Solution File, Format Version 12.00
# Visual Studio Version 17
VisualStudioVersion = 17.11.35312.102
MinimumVisualStudioVersion = 10.0.40219.1
Project("{FAE04EC0-301F-11D3-BF4B-00C04F79EFBC}") = "InvManagement", "InvManagement.csproj", "{75224918-ACE6-417B-B26E-A4923B5D1784}"
EndProject
Global
	GlobalSection(SolutionConfigurationPlatforms) = preSolution
		Debug|Any CPU = Debug|Any CPU
		Release|Any CPU = Release|Any CPU
	EndGlobalSection
	GlobalSection(ProjectConfigurationPlatforms) = postSolution
		{75224918-ACE6-417B-B26E-A4923B5D1784}.Debug|Any CPU.ActiveCfg = Debug|Any CPU
		{75224918-ACE6-417B-B26E-A4923B5D1784}.Debug|Any CPU.Build.0 = Debug|Any CPU
		{75224918-ACE6-417B-B26E-A4923B5D1784}.Release|Any CPU.ActiveCfg = Release|Any CPU
		{75224918-ACE6-417B-B26E-A4923B5D1784}.Release|Any CPU.Build.0 = Release|Any CPU
	EndGlobalSection
	GlobalSection(SolutionProperties) = preSolution
		HideSolutionNode = FALSE
	EndGlobalSection
	GlobalSection(ExtensibilityGlobals) = postSolution
		SolutionGuid = {2667190A-668F-4212-B657-B9420D446D6F}
	EndGlobalSection
EndGlobal
